
Microsoft Visual Studio Solution File, Format Version 12.00
# Visual Studio Version 16
VisualStudioVersion = 16.0.29926.136
MinimumVisualStudioVersion = 10.0.40219.1
Project("{FAE04EC0-301F-11D3-BF4B-00C04F79EFBC}") = "Clase7", "Clase7.csproj", "{4ECC0358-6617-44C7-8154-C658548AF55E}"
EndProject
Global
	GlobalSection(SolutionConfigurationPlatforms) = preSolution
		Debug|Any CPU = Debug|Any CPU
		Release|Any CPU = Release|Any CPU
	EndGlobalSection
	GlobalSection(ProjectConfigurationPlatforms) = postSolution
		{4ECC0358-6617-44C7-8154-C658548AF55E}.Debug|Any CPU.ActiveCfg = Debug|Any CPU
		{4ECC0358-6617-44C7-8154-C658548AF55E}.Debug|Any CPU.Build.0 = Debug|Any CPU
		{4ECC0358-6617-44C7-8154-C658548AF55E}.Release|Any CPU.ActiveCfg = Release|Any CPU
		{4ECC0358-6617-44C7-8154-C658548AF55E}.Release|Any CPU.Build.0 = Release|Any CPU
	EndGlobalSection
	GlobalSection(SolutionProperties) = preSolution
		HideSolutionNode = FALSE
	EndGlobalSection
	GlobalSection(ExtensibilityGlobals) = postSolution
		SolutionGuid = {81254D71-E5B2-4F55-B3A6-6663AB93DF0F}
	EndGlobalSection
EndGlobal
